
Microsoft Visual Studio Solution File, Format Version 12.00
# Visual Studio Version 17
VisualStudioVersion = 17.0.32014.148
MinimumVisualStudioVersion = 10.0.40219.1
Project("{9A19103F-16F7-4668-BE54-9A1E7A4F7556}") = "CC.CodeGenerator", "CC.CodeGenerator\CC.CodeGenerator.csproj", "{FA1BE40D-98B8-4948-8242-CD17357FC649}"
EndProject
Project("{9A19103F-16F7-4668-BE54-9A1E7A4F7556}") = "CC.CodeGenerator.Demo", "CC.CodeGenerator.Demo\CC.CodeGenerator.Demo.csproj", "{4F1EDA10-1F30-4450-ABD4-9681744050A2}"
EndProject
Project("{9A19103F-16F7-4668-BE54-9A1E7A4F7556}") = "CC.CodeGenerator.PackageDemo", "CC.CodeGenerator.PackageDemo\CC.CodeGenerator.PackageDemo.csproj", "{E9D860C0-DC57-4F75-950A-DF158524A93D}"
EndProject
Project("{FAE04EC0-301F-11D3-BF4B-00C04F79EFBC}") = "CC.CodeGenerator.Demo.Entity", "CC.CodeGenerator.Demo.Entity\CC.CodeGenerator.Demo.Entity.csproj", "{ACB922AF-9652-4401-AA14-933FE9A8B8FA}"
EndProject
Global
	GlobalSection(SolutionConfigurationPlatforms) = preSolution
		Debug|Any CPU = Debug|Any CPU
		Release|Any CPU = Release|Any CPU
	EndGlobalSection
	GlobalSection(ProjectConfigurationPlatforms) = postSolution
		{FA1BE40D-98B8-4948-8242-CD17357FC649}.Debug|Any CPU.ActiveCfg = Debug|Any CPU
		{FA1BE40D-98B8-4948-8242-CD17357FC649}.Debug|Any CPU.Build.0 = Debug|Any CPU
		{FA1BE40D-98B8-4948-8242-CD17357FC649}.Release|Any CPU.ActiveCfg = Release|Any CPU
		{FA1BE40D-98B8-4948-8242-CD17357FC649}.Release|Any CPU.Build.0 = Release|Any CPU
		{4F1EDA10-1F30-4450-ABD4-9681744050A2}.Debug|Any CPU.ActiveCfg = Debug|Any CPU
		{4F1EDA10-1F30-4450-ABD4-9681744050A2}.Debug|Any CPU.Build.0 = Debug|Any CPU
		{4F1EDA10-1F30-4450-ABD4-9681744050A2}.Release|Any CPU.ActiveCfg = Release|Any CPU
		{4F1EDA10-1F30-4450-ABD4-9681744050A2}.Release|Any CPU.Build.0 = Release|Any CPU
		{E9D860C0-DC57-4F75-950A-DF158524A93D}.Debug|Any CPU.ActiveCfg = Debug|Any CPU
		{E9D860C0-DC57-4F75-950A-DF158524A93D}.Debug|Any CPU.Build.0 = Debug|Any CPU
		{E9D860C0-DC57-4F75-950A-DF158524A93D}.Release|Any CPU.ActiveCfg = Release|Any CPU
		{E9D860C0-DC57-4F75-950A-DF158524A93D}.Release|Any CPU.Build.0 = Release|Any CPU
		{ACB922AF-9652-4401-AA14-933FE9A8B8FA}.Debug|Any CPU.ActiveCfg = Debug|Any CPU
		{ACB922AF-9652-4401-AA14-933FE9A8B8FA}.Debug|Any CPU.Build.0 = Debug|Any CPU
		{ACB922AF-9652-4401-AA14-933FE9A8B8FA}.Release|Any CPU.ActiveCfg = Release|Any CPU
		{ACB922AF-9652-4401-AA14-933FE9A8B8FA}.Release|Any CPU.Build.0 = Release|Any CPU
	EndGlobalSection
	GlobalSection(SolutionProperties) = preSolution
		HideSolutionNode = FALSE
	EndGlobalSection
	GlobalSection(ExtensibilityGlobals) = postSolution
		SolutionGuid = {072EEFDA-18F1-412D-9BC8-3B2C29A9ED06}
	EndGlobalSection
EndGlobal
