
Microsoft Visual Studio Solution File, Format Version 12.00
# Visual Studio Version 17
VisualStudioVersion = 17.0.32014.148
MinimumVisualStudioVersion = 10.0.40219.1
Project("{9A19103F-16F7-4668-BE54-9A1E7A4F7556}") = "CC.CodeGenerator", "CC.CodeGenerator\CC.CodeGenerator.csproj", "{FA1BE40D-98B8-4948-8242-CD17357FC649}"
EndProject
Project("{9A19103F-16F7-4668-BE54-9A1E7A4F7556}") = "CC.CodeGenerator.PackageDemo", "CC.CodeGenerator.PackageDemo\CC.CodeGenerator.PackageDemo.csproj", "{E9D860C0-DC57-4F75-950A-DF158524A93D}"
EndProject
Project("{9A19103F-16F7-4668-BE54-9A1E7A4F7556}") = "CC.CodeGenerator.Demo.Entity", "CC.CodeGenerator.Demo.Entity\CC.CodeGenerator.Demo.Entity.csproj", "{ACB922AF-9652-4401-AA14-933FE9A8B8FA}"
EndProject
Project("{9A19103F-16F7-4668-BE54-9A1E7A4F7556}") = "CC.CodeGenerator.Demo.BlazorServer", "CC.CodeGenerator.Demo.BlazorServer\CC.CodeGenerator.Demo.BlazorServer.csproj", "{2B6C7828-DC20-4AFF-9622-E98F0E19553B}"
EndProject
Project("{9A19103F-16F7-4668-BE54-9A1E7A4F7556}") = "CC.CodeGenerator.Demo.NotifyPropertyChanged", "CC.CodeGenerator.Demo.NotifyPropertyChanged\CC.CodeGenerator.Demo.NotifyPropertyChanged.csproj", "{CFA1AECB-9288-44C7-810A-6483BC2AB1EC}"
EndProject
Project("{FAE04EC0-301F-11D3-BF4B-00C04F79EFBC}") = "CC.CodeGenerator.Attribute", "CC.CodeGenerator.Attribute\CC.CodeGenerator.Attribute.csproj", "{36F0D574-B11E-424C-A7D8-A0D782DA11AD}"
EndProject
Global
	GlobalSection(SolutionConfigurationPlatforms) = preSolution
		Debug|Any CPU = Debug|Any CPU
		Release|Any CPU = Release|Any CPU
	EndGlobalSection
	GlobalSection(ProjectConfigurationPlatforms) = postSolution
		{FA1BE40D-98B8-4948-8242-CD17357FC649}.Debug|Any CPU.ActiveCfg = Debug|Any CPU
		{FA1BE40D-98B8-4948-8242-CD17357FC649}.Debug|Any CPU.Build.0 = Debug|Any CPU
		{FA1BE40D-98B8-4948-8242-CD17357FC649}.Release|Any CPU.ActiveCfg = Release|Any CPU
		{FA1BE40D-98B8-4948-8242-CD17357FC649}.Release|Any CPU.Build.0 = Release|Any CPU
		{E9D860C0-DC57-4F75-950A-DF158524A93D}.Debug|Any CPU.ActiveCfg = Debug|Any CPU
		{E9D860C0-DC57-4F75-950A-DF158524A93D}.Debug|Any CPU.Build.0 = Debug|Any CPU
		{E9D860C0-DC57-4F75-950A-DF158524A93D}.Release|Any CPU.ActiveCfg = Release|Any CPU
		{E9D860C0-DC57-4F75-950A-DF158524A93D}.Release|Any CPU.Build.0 = Release|Any CPU
		{ACB922AF-9652-4401-AA14-933FE9A8B8FA}.Debug|Any CPU.ActiveCfg = Debug|Any CPU
		{ACB922AF-9652-4401-AA14-933FE9A8B8FA}.Debug|Any CPU.Build.0 = Debug|Any CPU
		{ACB922AF-9652-4401-AA14-933FE9A8B8FA}.Release|Any CPU.ActiveCfg = Release|Any CPU
		{ACB922AF-9652-4401-AA14-933FE9A8B8FA}.Release|Any CPU.Build.0 = Release|Any CPU
		{2B6C7828-DC20-4AFF-9622-E98F0E19553B}.Debug|Any CPU.ActiveCfg = Debug|Any CPU
		{2B6C7828-DC20-4AFF-9622-E98F0E19553B}.Debug|Any CPU.Build.0 = Debug|Any CPU
		{2B6C7828-DC20-4AFF-9622-E98F0E19553B}.Release|Any CPU.ActiveCfg = Release|Any CPU
		{2B6C7828-DC20-4AFF-9622-E98F0E19553B}.Release|Any CPU.Build.0 = Release|Any CPU
		{CFA1AECB-9288-44C7-810A-6483BC2AB1EC}.Debug|Any CPU.ActiveCfg = Debug|Any CPU
		{CFA1AECB-9288-44C7-810A-6483BC2AB1EC}.Debug|Any CPU.Build.0 = Debug|Any CPU
		{CFA1AECB-9288-44C7-810A-6483BC2AB1EC}.Release|Any CPU.ActiveCfg = Release|Any CPU
		{CFA1AECB-9288-44C7-810A-6483BC2AB1EC}.Release|Any CPU.Build.0 = Release|Any CPU
		{36F0D574-B11E-424C-A7D8-A0D782DA11AD}.Debug|Any CPU.ActiveCfg = Debug|Any CPU
		{36F0D574-B11E-424C-A7D8-A0D782DA11AD}.Debug|Any CPU.Build.0 = Debug|Any CPU
		{36F0D574-B11E-424C-A7D8-A0D782DA11AD}.Release|Any CPU.ActiveCfg = Release|Any CPU
		{36F0D574-B11E-424C-A7D8-A0D782DA11AD}.Release|Any CPU.Build.0 = Release|Any CPU
	EndGlobalSection
	GlobalSection(SolutionProperties) = preSolution
		HideSolutionNode = FALSE
	EndGlobalSection
	GlobalSection(ExtensibilityGlobals) = postSolution
		SolutionGuid = {072EEFDA-18F1-412D-9BC8-3B2C29A9ED06}
	EndGlobalSection
EndGlobal
